// !$*UTF8*$!
{
	archiveVersion = 1;
	classes = {
	};
	objectVersion = 46;
	objects = {

/* Begin PBXBuildFile section */
		651B384C1C55674D00D04665 /* Main.c in Sources */ = {isa = PBXBuildFile; fileRef = 651B38491C55674D00D04665 /* Main.c */; };
		651B384E1C5567ED00D04665 /* StateMachine.c in Sources */ = {isa = PBXBuildFile; fileRef = 651B384D1C5567ED00D04665 /* StateMachine.c */; };
/* End PBXBuildFile section */

/* Begin PBXCopyFilesBuildPhase section */
		651B383D1C55669F00D04665 /* CopyFiles */ = {
			isa = PBXCopyFilesBuildPhase;
			buildActionMask = 2147483647;
			dstPath = /usr/share/man/man1/;
			dstSubfolderSpec = 0;
			files = (
			);
			runOnlyForDeploymentPostprocessing = 1;
		};
/* End PBXCopyFilesBuildPhase section */

/* Begin PBXFileReference section */
		651B383F1C55669F00D04665 /* SmTest */ = {isa = PBXFileReference; explicitFileType = "compiled.mach-o.executable"; includeInIndex = 0; path = SmTest; sourceTree = BUILT_PRODUCTS_DIR; };
		651B38491C55674D00D04665 /* Main.c */ = {isa = PBXFileReference; fileEncoding = 4; lastKnownFileType = sourcecode.c.c; name = Main.c; path = ../../Main.c; sourceTree = "<group>"; };
		651B384B1C55674D00D04665 /* StateMachineC.h */ = {isa = PBXFileReference; fileEncoding = 4; lastKnownFileType = sourcecode.c.h; name = StateMachineC.h; path = ../../StateMachineC.h; sourceTree = "<group>"; };
		651B384D1C5567ED00D04665 /* StateMachine.c */ = {isa = PBXFileReference; fileEncoding = 4; lastKnownFileType = sourcecode.c.c; name = StateMachine.c; path = ../../StateMachine.c; sourceTree = "<group>"; };
/* End PBXFileReference section */

/* Begin PBXFrameworksBuildPhase section */
		651B383C1C55669F00D04665 /* Frameworks */ = {
			isa = PBXFrameworksBuildPhase;
			buildActionMask = 2147483647;
			files = (
			);
			runOnlyForDeploymentPostprocessing = 0;
		};
/* End PBXFrameworksBuildPhase section */

/* Begin PBXGroup section */
		651B38361C55669F00D04665 = {
			isa = PBXGroup;
			children = (
				651B38411C55669F00D04665 /* SmTest */,
				651B38401C55669F00D04665 /* Products */,
			);
			sourceTree = "<group>";
		};
		651B38401C55669F00D04665 /* Products */ = {
			isa = PBXGroup;
			children = (
				651B383F1C55669F00D04665 /* SmTest */,
			);
			name = Products;
			sourceTree = "<group>";
		};
		651B38411C55669F00D04665 /* SmTest */ = {
			isa = PBXGroup;
			children = (
				651B384D1C5567ED00D04665 /* StateMachine.c */,
				651B38491C55674D00D04665 /* Main.c */,
				651B384B1C55674D00D04665 /* StateMachineC.h */,
			);
			path = SmTest;
			sourceTree = "<group>";
		};
/* End PBXGroup section */

/* Begin PBXNativeTarget section */
		651B383E1C55669F00D04665 /* SmTest */ = {
			isa = PBXNativeTarget;
			buildConfigurationList = 651B38461C55669F00D04665 /* Build configuration list for PBXNativeTarget "SmTest" */;
			buildPhases = (
				651B383B1C55669F00D04665 /* Sources */,
				651B383C1C55669F00D04665 /* Frameworks */,
				651B383D1C55669F00D04665 /* CopyFiles */,
			);
			buildRules = (
			);
			dependencies = (
			);
			name = SmTest;
			productName = SmTest;
			productReference = 651B383F1C55669F00D04665 /* SmTest */;
			productType = "com.apple.product-type.tool";
		};
/* End PBXNativeTarget section */

/* Begin PBXProject section */
		651B38371C55669F00D04665 /* Project object */ = {
			isa = PBXProject;
			attributes = {
				LastUpgradeCheck = 0600;
				ORGANIZATIONNAME = "Tommy Karlsson";
				TargetAttributes = {
					651B383E1C55669F00D04665 = {
						CreatedOnToolsVersion = 6.0;
					};
				};
			};
			buildConfigurationList = 651B383A1C55669F00D04665 /* Build configuration list for PBXProject "SmTest" */;
			compatibilityVersion = "Xcode 3.2";
			developmentRegion = English;
			hasScannedForEncodings = 0;
			knownRegions = (
				en,
			);
			mainGroup = 651B38361C55669F00D04665;
			productRefGroup = 651B38401C55669F00D04665 /* Products */;
			projectDirPath = "";
			projectRoot = "";
			targets = (
				651B383E1C55669F00D04665 /* SmTest */,
			);
		};
/* End PBXProject section */

/* Begin PBXSourcesBuildPhase section */
		651B383B1C55669F00D04665 /* Sources */ = {
			isa = PBXSourcesBuildPhase;
			buildActionMask = 2147483647;
			files = (
				651B384C1C55674D00D04665 /* Main.c in Sources */,
				651B384E1C5567ED00D04665 /* StateMachine.c in Sources */,
			);
			runOnlyForDeploymentPostprocessing = 0;
		};
/* End PBXSourcesBuildPhase section */

/* Begin XCBuildConfiguration section */
		651B38441C55669F00D04665 /* Debug */ = {
			isa = XCBuildConfiguration;
			buildSettings = {
				ALWAYS_SEARCH_USER_PATHS = NO;
				CLANG_CXX_LANGUAGE_STANDARD = "gnu++0x";
				CLANG_CXX_LIBRARY = "libc++";
				CLANG_ENABLE_MODULES = YES;
				CLANG_ENABLE_OBJC_ARC = YES;
				CLANG_WARN_BOOL_CONVERSION = YES;
				CLANG_WARN_CONSTANT_CONVERSION = YES;
				CLANG_WARN_DIRECT_OBJC_ISA_USAGE = YES_ERROR;
				CLANG_WARN_EMPTY_BODY = YES;
				CLANG_WARN_ENUM_CONVERSION = YES;
				CLANG_WARN_INT_CONVERSION = YES;
				CLANG_WARN_OBJC_ROOT_CLASS = YES_ERROR;
				CLANG_WARN_UNREACHABLE_CODE = YES;
				CLANG_WARN__DUPLICATE_METHOD_MATCH = YES;
				COPY_PHASE_STRIP = NO;
				ENABLE_STRICT_OBJC_MSGSEND = YES;
				GCC_C_LANGUAGE_STANDARD = gnu99;
				GCC_DYNAMIC_NO_PIC = NO;
				GCC_OPTIMIZATION_LEVEL = 0;
				GCC_PREPROCESSOR_DEFINITIONS = (
					"DEBUG=1",
					"$(inherited)",
				);
				GCC_SYMBOLS_PRIVATE_EXTERN = NO;
				GCC_WARN_64_TO_32_BIT_CONVERSION = YES;
				GCC_WARN_ABOUT_RETURN_TYPE = YES_ERROR;
				GCC_WARN_UNDECLARED_SELECTOR = YES;
				GCC_WARN_UNINITIALIZED_AUTOS = YES_AGGRESSIVE;
				GCC_WARN_UNUSED_FUNCTION = YES;
				GCC_WARN_UNUSED_VARIABLE = YES;
				MACOSX_DEPLOYMENT_TARGET = 10.9;
				MTL_ENABLE_DEBUG_INFO = YES;
				ONLY_ACTIVE_ARCH = YES;
				SDKROOT = macosx;
			};
			name = Debug;
		};
		651B38451C55669F00D04665 /* Release */ = {
			isa = XCBuildConfiguration;
			buildSettings = {
				ALWAYS_SEARCH_USER_PATHS = NO;
				CLANG_CXX_LANGUAGE_STANDARD = "gnu++0x";
				CLANG_CXX_LIBRARY = "libc++";
				CLANG_ENABLE_MODULES = YES;
				CLANG_ENABLE_OBJC_ARC = YES;
				CLANG_WARN_BOOL_CONVERSION = YES;
				CLANG_WARN_CONSTANT_CONVERSION = YES;
				CLANG_WARN_DIRECT_OBJC_ISA_USAGE = YES_ERROR;
				CLANG_WARN_EMPTY_BODY = YES;
				CLANG_WARN_ENUM_CONVERSION = YES;
				CLANG_WARN_INT_CONVERSION = YES;
				CLANG_WARN_OBJC_ROOT_CLASS = YES_ERROR;
				CLANG_WARN_UNREACHABLE_CODE = YES;
				CLANG_WARN__DUPLICATE_METHOD_MATCH = YES;
				COPY_PHASE_STRIP = YES;
				DEBUG_INFORMATION_FORMAT = "dwarf-with-dsym";
				ENABLE_NS_ASSERTIONS = NO;
				ENABLE_STRICT_OBJC_MSGSEND = YES;
				GCC_C_LANGUAGE_STANDARD = gnu99;
				GCC_WARN_64_TO_32_BIT_CONVERSION = YES;
				GCC_WARN_ABOUT_RETURN_TYPE = YES_ERROR;
				GCC_WARN_UNDECLARED_SELECTOR = YES;
				GCC_WARN_UNINITIALIZED_AUTOS = YES_AGGRESSIVE;
				GCC_WARN_UNUSED_FUNCTION = YES;
				GCC_WARN_UNUSED_VARIABLE = YES;
				MACOSX_DEPLOYMENT_TARGET = 10.9;
				MTL_ENABLE_DEBUG_INFO = NO;
				SDKROOT = macosx;
			};
			name = Release;
		};
		651B38471C55669F00D04665 /* Debug */ = {
			isa = XCBuildConfiguration;
			buildSettings = {
				PRODUCT_NAME = "$(TARGET_NAME)";
			};
			name = Debug;
		};
		651B38481C55669F00D04665 /* Release */ = {
			isa = XCBuildConfiguration;
			buildSettings = {
				PRODUCT_NAME = "$(TARGET_NAME)";
			};
			name = Release;
		};
/* End XCBuildConfiguration section */

/* Begin XCConfigurationList section */
		651B383A1C55669F00D04665 /* Build configuration list for PBXProject "SmTest" */ = {
			isa = XCConfigurationList;
			buildConfigurations = (
				651B38441C55669F00D04665 /* Debug */,
				651B38451C55669F00D04665 /* Release */,
			);
			defaultConfigurationIsVisible = 0;
			defaultConfigurationName = Release;
		};
		651B38461C55669F00D04665 /* Build configuration list for PBXNativeTarget "SmTest" */ = {
			isa = XCConfigurationList;
			buildConfigurations = (
				651B38471C55669F00D04665 /* Debug */,
				651B38481C55669F00D04665 /* Release */,
			);
			defaultConfigurationIsVisible = 0;
		};
/* End XCConfigurationList section */
	};
	rootObject = 651B38371C55669F00D04665 /* Project object */;
}
